
Microsoft Visual Studio Solution File, Format Version 12.00
# Visual Studio Version 17
VisualStudioVersion = 17.2.32630.192
MinimumVisualStudioVersion = 10.0.40219.1
Project("{2150E333-8FDC-42A3-9474-1A3956D46DE8}") = "Services", "Services", "{D9B1CE0B-53AF-4AEB-83E0-37A630936A84}"
EndProject
Project("{2150E333-8FDC-42A3-9474-1A3956D46DE8}") = "Catalog", "Catalog", "{D0BB7F31-1DAE-4FF4-B9F1-C0B3197E15F9}"
EndProject
Project("{9A19103F-16F7-4668-BE54-9A1E7A4F7556}") = "Catalog.API", "Services\Catalog\Catalog.API\Catalog.API.csproj", "{2BCDE2D1-64E4-4A18-BA70-9E37AD845F33}"
EndProject
Project("{E53339B2-1760-4266-BCC7-CA923CBCF16C}") = "docker-compose", "docker-compose.dcproj", "{4AF4BD44-8B93-4723-9953-32AD88CECFF4}"
EndProject
Project("{2150E333-8FDC-42A3-9474-1A3956D46DE8}") = "Basket", "Basket", "{E2226439-2F50-4AF3-B4BE-3A4A89584512}"
EndProject
Project("{9A19103F-16F7-4668-BE54-9A1E7A4F7556}") = "Basket.API", "Services\Basket\Basket.API\Basket.API.csproj", "{B48C7A5D-DC78-464B-89AD-E140BBEE4367}"
EndProject
Project("{2150E333-8FDC-42A3-9474-1A3956D46DE8}") = "Discount", "Discount", "{4AE1CFD9-CD76-45C2-8402-D35A94D64842}"
EndProject
Project("{9A19103F-16F7-4668-BE54-9A1E7A4F7556}") = "Discount.API", "Services\Discount\Discount.API\Discount.API.csproj", "{B32A4414-5E61-4156-91DB-2E68E74A0920}"
EndProject
Project("{9A19103F-16F7-4668-BE54-9A1E7A4F7556}") = "Discount.Grpc", "Services\Discount\Discount.Grpc\Discount.Grpc.csproj", "{7340853A-B9B0-46ED-8A7E-A5D5CB608F79}"
EndProject
Project("{2150E333-8FDC-42A3-9474-1A3956D46DE8}") = "Order", "Order", "{CE20EEDA-7142-46AF-AEAE-2FBC2892D464}"
EndProject
Project("{9A19103F-16F7-4668-BE54-9A1E7A4F7556}") = "Ordering.Domain", "Services\Order\Order.Domain\Ordering.Domain.csproj", "{99B4B243-A0AF-48FD-BF3D-4404BFC4AAB4}"
EndProject
Project("{9A19103F-16F7-4668-BE54-9A1E7A4F7556}") = "Ordering.Application", "Services\Order\Order.Application\Ordering.Application.csproj", "{1371AE1C-B14E-4178-9C87-B2B01B31F402}"
EndProject
Project("{9A19103F-16F7-4668-BE54-9A1E7A4F7556}") = "Ordering.Infrastructure", "Services\Order\Order.Infrastructure\Ordering.Infrastructure.csproj", "{C322E281-171F-4137-8BC7-C53E6A0CABD5}"
EndProject
Project("{9A19103F-16F7-4668-BE54-9A1E7A4F7556}") = "Ordering.API", "Services\Order\Ordering.API\Ordering.API.csproj", "{BA14FFE1-3E3E-4650-A0F5-5013C82D288D}"
EndProject
Project("{2150E333-8FDC-42A3-9474-1A3956D46DE8}") = "BuildingBlocks", "BuildingBlocks", "{53D516FB-DA85-4A8E-98E0-1F064D6847FE}"
EndProject
Project("{9A19103F-16F7-4668-BE54-9A1E7A4F7556}") = "EventBus.Messages", "BuildingBlocks\EventBus.Messages\EventBus.Messages.csproj", "{610E2D57-1AA2-4326-848C-797F223E7A20}"
EndProject
Project("{2150E333-8FDC-42A3-9474-1A3956D46DE8}") = "ApiGateways", "ApiGateways", "{F9A9E41D-396B-4FBF-A956-2C3C8D5E8EF5}"
EndProject
Project("{9A19103F-16F7-4668-BE54-9A1E7A4F7556}") = "OcelotApiGw", "ApiGateways\OcelotApiGw\OcelotApiGw.csproj", "{6A5229F1-1F9C-48F8-A763-A73A741171EE}"
EndProject
Project("{9A19103F-16F7-4668-BE54-9A1E7A4F7556}") = "Shopping.Aggregrator", "ApiGateways\Shopping.Aggregrator\Shopping.Aggregrator.csproj", "{1290D9D8-2847-41AB-A91D-BDB2A8EA8D79}"
EndProject
Global
	GlobalSection(SolutionConfigurationPlatforms) = preSolution
		Debug|Any CPU = Debug|Any CPU
		Release|Any CPU = Release|Any CPU
	EndGlobalSection
	GlobalSection(ProjectConfigurationPlatforms) = postSolution
		{2BCDE2D1-64E4-4A18-BA70-9E37AD845F33}.Debug|Any CPU.ActiveCfg = Debug|Any CPU
		{2BCDE2D1-64E4-4A18-BA70-9E37AD845F33}.Debug|Any CPU.Build.0 = Debug|Any CPU
		{2BCDE2D1-64E4-4A18-BA70-9E37AD845F33}.Release|Any CPU.ActiveCfg = Release|Any CPU
		{2BCDE2D1-64E4-4A18-BA70-9E37AD845F33}.Release|Any CPU.Build.0 = Release|Any CPU
		{4AF4BD44-8B93-4723-9953-32AD88CECFF4}.Debug|Any CPU.ActiveCfg = Debug|Any CPU
		{4AF4BD44-8B93-4723-9953-32AD88CECFF4}.Debug|Any CPU.Build.0 = Debug|Any CPU
		{4AF4BD44-8B93-4723-9953-32AD88CECFF4}.Release|Any CPU.ActiveCfg = Release|Any CPU
		{4AF4BD44-8B93-4723-9953-32AD88CECFF4}.Release|Any CPU.Build.0 = Release|Any CPU
		{B48C7A5D-DC78-464B-89AD-E140BBEE4367}.Debug|Any CPU.ActiveCfg = Debug|Any CPU
		{B48C7A5D-DC78-464B-89AD-E140BBEE4367}.Debug|Any CPU.Build.0 = Debug|Any CPU
		{B48C7A5D-DC78-464B-89AD-E140BBEE4367}.Release|Any CPU.ActiveCfg = Release|Any CPU
		{B48C7A5D-DC78-464B-89AD-E140BBEE4367}.Release|Any CPU.Build.0 = Release|Any CPU
		{B32A4414-5E61-4156-91DB-2E68E74A0920}.Debug|Any CPU.ActiveCfg = Debug|Any CPU
		{B32A4414-5E61-4156-91DB-2E68E74A0920}.Debug|Any CPU.Build.0 = Debug|Any CPU
		{B32A4414-5E61-4156-91DB-2E68E74A0920}.Release|Any CPU.ActiveCfg = Release|Any CPU
		{B32A4414-5E61-4156-91DB-2E68E74A0920}.Release|Any CPU.Build.0 = Release|Any CPU
		{7340853A-B9B0-46ED-8A7E-A5D5CB608F79}.Debug|Any CPU.ActiveCfg = Debug|Any CPU
		{7340853A-B9B0-46ED-8A7E-A5D5CB608F79}.Debug|Any CPU.Build.0 = Debug|Any CPU
		{7340853A-B9B0-46ED-8A7E-A5D5CB608F79}.Release|Any CPU.ActiveCfg = Release|Any CPU
		{7340853A-B9B0-46ED-8A7E-A5D5CB608F79}.Release|Any CPU.Build.0 = Release|Any CPU
		{99B4B243-A0AF-48FD-BF3D-4404BFC4AAB4}.Debug|Any CPU.ActiveCfg = Debug|Any CPU
		{99B4B243-A0AF-48FD-BF3D-4404BFC4AAB4}.Debug|Any CPU.Build.0 = Debug|Any CPU
		{99B4B243-A0AF-48FD-BF3D-4404BFC4AAB4}.Release|Any CPU.ActiveCfg = Release|Any CPU
		{99B4B243-A0AF-48FD-BF3D-4404BFC4AAB4}.Release|Any CPU.Build.0 = Release|Any CPU
		{1371AE1C-B14E-4178-9C87-B2B01B31F402}.Debug|Any CPU.ActiveCfg = Debug|Any CPU
		{1371AE1C-B14E-4178-9C87-B2B01B31F402}.Debug|Any CPU.Build.0 = Debug|Any CPU
		{1371AE1C-B14E-4178-9C87-B2B01B31F402}.Release|Any CPU.ActiveCfg = Release|Any CPU
		{1371AE1C-B14E-4178-9C87-B2B01B31F402}.Release|Any CPU.Build.0 = Release|Any CPU
		{C322E281-171F-4137-8BC7-C53E6A0CABD5}.Debug|Any CPU.ActiveCfg = Debug|Any CPU
		{C322E281-171F-4137-8BC7-C53E6A0CABD5}.Debug|Any CPU.Build.0 = Debug|Any CPU
		{C322E281-171F-4137-8BC7-C53E6A0CABD5}.Release|Any CPU.ActiveCfg = Release|Any CPU
		{C322E281-171F-4137-8BC7-C53E6A0CABD5}.Release|Any CPU.Build.0 = Release|Any CPU
		{BA14FFE1-3E3E-4650-A0F5-5013C82D288D}.Debug|Any CPU.ActiveCfg = Debug|Any CPU
		{BA14FFE1-3E3E-4650-A0F5-5013C82D288D}.Debug|Any CPU.Build.0 = Debug|Any CPU
		{BA14FFE1-3E3E-4650-A0F5-5013C82D288D}.Release|Any CPU.ActiveCfg = Release|Any CPU
		{BA14FFE1-3E3E-4650-A0F5-5013C82D288D}.Release|Any CPU.Build.0 = Release|Any CPU
		{610E2D57-1AA2-4326-848C-797F223E7A20}.Debug|Any CPU.ActiveCfg = Debug|Any CPU
		{610E2D57-1AA2-4326-848C-797F223E7A20}.Debug|Any CPU.Build.0 = Debug|Any CPU
		{610E2D57-1AA2-4326-848C-797F223E7A20}.Release|Any CPU.ActiveCfg = Release|Any CPU
		{610E2D57-1AA2-4326-848C-797F223E7A20}.Release|Any CPU.Build.0 = Release|Any CPU
		{6A5229F1-1F9C-48F8-A763-A73A741171EE}.Debug|Any CPU.ActiveCfg = Debug|Any CPU
		{6A5229F1-1F9C-48F8-A763-A73A741171EE}.Debug|Any CPU.Build.0 = Debug|Any CPU
		{6A5229F1-1F9C-48F8-A763-A73A741171EE}.Release|Any CPU.ActiveCfg = Release|Any CPU
		{6A5229F1-1F9C-48F8-A763-A73A741171EE}.Release|Any CPU.Build.0 = Release|Any CPU
		{1290D9D8-2847-41AB-A91D-BDB2A8EA8D79}.Debug|Any CPU.ActiveCfg = Debug|Any CPU
		{1290D9D8-2847-41AB-A91D-BDB2A8EA8D79}.Debug|Any CPU.Build.0 = Debug|Any CPU
		{1290D9D8-2847-41AB-A91D-BDB2A8EA8D79}.Release|Any CPU.ActiveCfg = Release|Any CPU
		{1290D9D8-2847-41AB-A91D-BDB2A8EA8D79}.Release|Any CPU.Build.0 = Release|Any CPU
	EndGlobalSection
	GlobalSection(SolutionProperties) = preSolution
		HideSolutionNode = FALSE
	EndGlobalSection
	GlobalSection(NestedProjects) = preSolution
		{D0BB7F31-1DAE-4FF4-B9F1-C0B3197E15F9} = {D9B1CE0B-53AF-4AEB-83E0-37A630936A84}
		{2BCDE2D1-64E4-4A18-BA70-9E37AD845F33} = {D0BB7F31-1DAE-4FF4-B9F1-C0B3197E15F9}
		{E2226439-2F50-4AF3-B4BE-3A4A89584512} = {D9B1CE0B-53AF-4AEB-83E0-37A630936A84}
		{B48C7A5D-DC78-464B-89AD-E140BBEE4367} = {E2226439-2F50-4AF3-B4BE-3A4A89584512}
		{4AE1CFD9-CD76-45C2-8402-D35A94D64842} = {D9B1CE0B-53AF-4AEB-83E0-37A630936A84}
		{B32A4414-5E61-4156-91DB-2E68E74A0920} = {4AE1CFD9-CD76-45C2-8402-D35A94D64842}
		{7340853A-B9B0-46ED-8A7E-A5D5CB608F79} = {4AE1CFD9-CD76-45C2-8402-D35A94D64842}
		{CE20EEDA-7142-46AF-AEAE-2FBC2892D464} = {D9B1CE0B-53AF-4AEB-83E0-37A630936A84}
		{99B4B243-A0AF-48FD-BF3D-4404BFC4AAB4} = {CE20EEDA-7142-46AF-AEAE-2FBC2892D464}
		{1371AE1C-B14E-4178-9C87-B2B01B31F402} = {CE20EEDA-7142-46AF-AEAE-2FBC2892D464}
		{C322E281-171F-4137-8BC7-C53E6A0CABD5} = {CE20EEDA-7142-46AF-AEAE-2FBC2892D464}
		{BA14FFE1-3E3E-4650-A0F5-5013C82D288D} = {CE20EEDA-7142-46AF-AEAE-2FBC2892D464}
		{610E2D57-1AA2-4326-848C-797F223E7A20} = {53D516FB-DA85-4A8E-98E0-1F064D6847FE}
		{6A5229F1-1F9C-48F8-A763-A73A741171EE} = {F9A9E41D-396B-4FBF-A956-2C3C8D5E8EF5}
		{1290D9D8-2847-41AB-A91D-BDB2A8EA8D79} = {F9A9E41D-396B-4FBF-A956-2C3C8D5E8EF5}
	EndGlobalSection
	GlobalSection(ExtensibilityGlobals) = postSolution
		SolutionGuid = {D7E49FFD-5811-4135-A93A-DF75E0C06794}
	EndGlobalSection
EndGlobal
